
Microsoft Visual Studio Solution File, Format Version 12.00
# Visual Studio 15
VisualStudioVersion = 15.0.28010.2046
MinimumVisualStudioVersion = 10.0.40219.1
Project("{FAE04EC0-301F-11D3-BF4B-00C04F79EFBC}") = "Esercitazione", "Esercitazione\Esercitazione.csproj", "{0A5E034D-3DEE-4070-A4C9-707EDB6B9D99}"
EndProject
Global
	GlobalSection(SolutionConfigurationPlatforms) = preSolution
		Debug|Any CPU = Debug|Any CPU
		Release|Any CPU = Release|Any CPU
	EndGlobalSection
	GlobalSection(ProjectConfigurationPlatforms) = postSolution
		{0A5E034D-3DEE-4070-A4C9-707EDB6B9D99}.Debug|Any CPU.ActiveCfg = Debug|Any CPU
		{0A5E034D-3DEE-4070-A4C9-707EDB6B9D99}.Debug|Any CPU.Build.0 = Debug|Any CPU
		{0A5E034D-3DEE-4070-A4C9-707EDB6B9D99}.Release|Any CPU.ActiveCfg = Release|Any CPU
		{0A5E034D-3DEE-4070-A4C9-707EDB6B9D99}.Release|Any CPU.Build.0 = Release|Any CPU
	EndGlobalSection
	GlobalSection(SolutionProperties) = preSolution
		HideSolutionNode = FALSE
	EndGlobalSection
	GlobalSection(ExtensibilityGlobals) = postSolution
		SolutionGuid = {3D1A6ACB-D8AC-4B0F-A619-9F5466512502}
	EndGlobalSection
EndGlobal
